// !$*UTF8*$!
{
	archiveVersion = 1;
	classes = {
	};
	objectVersion = 77;
	objects = {

/* Begin PBXBuildFile section */
		033C011BEEC98057E2A087A2 /* OpenMausWidgets.swift in Sources */ = {isa = PBXBuildFile; fileRef = DC3E6C28C1988E134D56BC6B /* OpenMausWidgets.swift */; };
		115E25BE7A069EE32981E824 /* SentryTelemetry.swift in Sources */ = {isa = PBXBuildFile; fileRef = 6576F199771F1EDD4AA1EED4 /* SentryTelemetry.swift */; };
		1C8F61AB0339251291D484D1 /* Updates.swift in Sources */ = {isa = PBXBuildFile; fileRef = B56E714A2A8AAA529ECCCCAF /* Updates.swift */; };
		1ECB0CCDF34062D30980F4A3 /* ConnectedAppsView.swift in Sources */ = {isa = PBXBuildFile; fileRef = 2FF7BE6DA81FD4DF004E9E07 /* ConnectedAppsView.swift */; };
		266ED872F01E63DA0B46E5E0 /* MausFaceData.swift in Sources */ = {isa = PBXBuildFile; fileRef = 7878DD3B4F7DDE005ED45A96 /* MausFaceData.swift */; };
		26CADEFE898637CFF0D70E3D /* UpdatesSheet.swift in Sources */ = {isa = PBXBuildFile; fileRef = 0ACB5BB19D912298FC7902DF /* UpdatesSheet.swift */; };
		2A6D4C4F12C0566DE37C46E4 /* LiveActivities.swift in Sources */ = {isa = PBXBuildFile; fileRef = E3B952FA219D0735100D353E /* LiveActivities.swift */; };
		3C3BBEA5036F2C2DA537CC32 /* MascotState.swift in Sources */ = {isa = PBXBuildFile; fileRef = 85D9F0409FE4443305CCDC7F /* MascotState.swift */; };
		3D8F9FAF190A01FE3AE4396A /* BotFleetWidgets.appex in Embed Foundation Extensions */ = {isa = PBXBuildFile; fileRef = 5021FB3374D95BB3B81BC39F /* BotFleetWidgets.appex */; settings = {ATTRIBUTES = (RemoveHeadersOnCopy, ); }; };
		3E1B3E23A8BF5C1705E9D3A3 /* PredictiveActionChipsView.swift in Sources */ = {isa = PBXBuildFile; fileRef = 9F6BD86F7974F582B34ACEC6 /* PredictiveActionChipsView.swift */; };
		3E5BDEF84E6E070BDBA828DD /* SpeechBubble.swift in Sources */ = {isa = PBXBuildFile; fileRef = 5CD309D240B263E2375C7B6F /* SpeechBubble.swift */; };
		4365CD30544BD9626890C36B /* ChatListView.swift in Sources */ = {isa = PBXBuildFile; fileRef = 4F9735C840E9DA0687698743 /* ChatListView.swift */; };
		45B303127E187B5D29E3C8CF /* OnboardingViews.swift in Sources */ = {isa = PBXBuildFile; fileRef = B61481C32D4C2095EA1C4C41 /* OnboardingViews.swift */; };
		51B7A964D7E426E2DC64095A /* Assets.xcassets in Resources */ = {isa = PBXBuildFile; fileRef = BBC89917EE388120035B45E5 /* Assets.xcassets */; };
		549B60B7C4B7553D4CE88AE5 /* ComputerView.swift in Sources */ = {isa = PBXBuildFile; fileRef = EEB6E2D6C37FEA56DA2604D7 /* ComputerView.swift */; };
		5BFCF348E8FD81D8C893DFFB /* SettingsView.swift in Sources */ = {isa = PBXBuildFile; fileRef = BAE9E43BFEA2E7554A9976A0 /* SettingsView.swift */; };
		6A61A180DC395DF299211BBA /* CloudDesktopBrowser.swift in Sources */ = {isa = PBXBuildFile; fileRef = B07B39990D85EC02087034AC /* CloudDesktopBrowser.swift */; };
		705165DCAC19EA9717ACC0EB /* MausAvatar.swift in Sources */ = {isa = PBXBuildFile; fileRef = 7DE162F71FB8C24D5201FB3B /* MausAvatar.swift */; };
		72B19B96A9E56AD022A7D19D /* CommandSkillHUDView.swift in Sources */ = {isa = PBXBuildFile; fileRef = C8B43FBE53474AA8AAA97EED /* CommandSkillHUDView.swift */; };
		76E8E769ACF5475D6F393FA8 /* TypingIndicatorView.swift in Sources */ = {isa = PBXBuildFile; fileRef = AFD95177C1F706A40E7E518F /* TypingIndicatorView.swift */; };
		795B2B0D2A81A30453CB9064 /* StorePreview.json in Resources */ = {isa = PBXBuildFile; fileRef = B320FBB215896FBBAF92028A /* StorePreview.json */; };
		7DE53FC757ADC40F6479E6D0 /* MausFaceData.swift in Sources */ = {isa = PBXBuildFile; fileRef = 7878DD3B4F7DDE005ED45A96 /* MausFaceData.swift */; };
		8093925BF61880E798079947 /* ChatView.swift in Sources */ = {isa = PBXBuildFile; fileRef = EC6F812477213096F0CE3825 /* ChatView.swift */; };
		8703DC42A071D69149CD0FA7 /* GroupProfileView.swift in Sources */ = {isa = PBXBuildFile; fileRef = DF97DEC0F942B1DF64D96D09 /* GroupProfileView.swift */; };
		93A08AEED22A23A69C21AE37 /* NewGroupSheet.swift in Sources */ = {isa = PBXBuildFile; fileRef = 2E83F767A05658DB7C1AFB57 /* NewGroupSheet.swift */; };
		985C78FE91FAD08FFFC714CE /* TaskManagerView.swift in Sources */ = {isa = PBXBuildFile; fileRef = D0841F8B923FBA4A84FA9074 /* TaskManagerView.swift */; };
		A62D37AFD9E77849993EBDDB /* SQLResultTableView.swift in Sources */ = {isa = PBXBuildFile; fileRef = 53AF4BCC0A60810CED861184 /* SQLResultTableView.swift */; };
		AA9DCB1648F8DD7385E026DD /* AgentProfileView.swift in Sources */ = {isa = PBXBuildFile; fileRef = 20B7A219402F3BE75BCC913A /* AgentProfileView.swift */; };
		B30EC7F62FBE7EF705340FD0 /* PrivacyInfo.xcprivacy in Resources */ = {isa = PBXBuildFile; fileRef = DA855AC04B70C8159EF4BFAF /* PrivacyInfo.xcprivacy */; };
		B53C4919CB8A39EE6F220373 /* Sentry in Frameworks */ = {isa = PBXBuildFile; productRef = 14DFFEEDFF3D6C3E24075865 /* Sentry */; };
		BDE70D8390F9B9E056D65FCB /* SkillExecutionReceiptView.swift in Sources */ = {isa = PBXBuildFile; fileRef = 39816A1ED062CEB3BE6186C1 /* SkillExecutionReceiptView.swift */; };
		BF9C58CB7F24A98EC69AEF35 /* Session.swift in Sources */ = {isa = PBXBuildFile; fileRef = F48A501FB10DDC1D6AEC7559 /* Session.swift */; };
		C62FBA1C41E0C9BACB586B40 /* GitPRDiffCardView.swift in Sources */ = {isa = PBXBuildFile; fileRef = 980FA8A83CC6209596F3BE40 /* GitPRDiffCardView.swift */; };
		C666267F94412A3C3AD33BAC /* SpeechDictation.swift in Sources */ = {isa = PBXBuildFile; fileRef = 729551C273A4D7DFB169A627 /* SpeechDictation.swift */; };
		CEFB5A1CF8FA8E998281217F /* CompanionApp.swift in Sources */ = {isa = PBXBuildFile; fileRef = 12CA0CF3D09484DBE6DD7F7C /* CompanionApp.swift */; };
		D377176889C1EEA3B45A0A4F /* MausAvatar.swift in Sources */ = {isa = PBXBuildFile; fileRef = 7DE162F71FB8C24D5201FB3B /* MausAvatar.swift */; };
		DAF382EF3976013EA1CD2194 /* PlatformBridge.swift in Sources */ = {isa = PBXBuildFile; fileRef = 3469EA9EBDB35F3F92450849 /* PlatformBridge.swift */; };
		DE58E78C3300BF096D3DD9E7 /* TasksRoutinesView.swift in Sources */ = {isa = PBXBuildFile; fileRef = D903428D2B87B9B313B8C5B2 /* TasksRoutinesView.swift */; };
		E071B42384652EA3C20DF007 /* Glass.swift in Sources */ = {isa = PBXBuildFile; fileRef = 5EDD2F1B4F44BC04E6ACE914 /* Glass.swift */; };
		E134A55073FC619E7A4E2C4B /* AgentThoughtChamberView.swift in Sources */ = {isa = PBXBuildFile; fileRef = 81CD5C26F01948AADBFB3057 /* AgentThoughtChamberView.swift */; };
		E2B50AD1B7D41F477C49789D /* BotActivity.swift in Sources */ = {isa = PBXBuildFile; fileRef = C47BDA59A21B7A88018EE739 /* BotActivity.swift */; };
		E3FD14480122F1B878591824 /* Discovery.swift in Sources */ = {isa = PBXBuildFile; fileRef = 18A37C5C13FAA221019EF286 /* Discovery.swift */; };
		E4398FC3EE6B60FCC1EC98EF /* BotActivity.swift in Sources */ = {isa = PBXBuildFile; fileRef = C47BDA59A21B7A88018EE739 /* BotActivity.swift */; };
		EA98A959C25B70626628A8E1 /* PairingScanner.swift in Sources */ = {isa = PBXBuildFile; fileRef = 30709AB0A299E8077D140B38 /* PairingScanner.swift */; };
		EAFFF648D990B21EB94F980F /* MarkdownText.swift in Sources */ = {isa = PBXBuildFile; fileRef = 751DDE68A0A18CA456083F50 /* MarkdownText.swift */; };
		ED70A77E65170B643A815AA2 /* Island.swift in Sources */ = {isa = PBXBuildFile; fileRef = E69429996A018D97CADBF800 /* Island.swift */; };
		EEB2ADD65BD7929BFA7CED7F /* Keychain.swift in Sources */ = {isa = PBXBuildFile; fileRef = C1E9F9C0ED5805BF3669EC79 /* Keychain.swift */; };
		F7502E94E981A06CEF4A2869 /* PairingView.swift in Sources */ = {isa = PBXBuildFile; fileRef = 6B3CA6E831B979FA9CC31EE4 /* PairingView.swift */; };
		F92EADDC1A3A066EC90D87A6 /* BotAvatarView.swift in Sources */ = {isa = PBXBuildFile; fileRef = 295DEC9F0334E7CDB950A183 /* BotAvatarView.swift */; };
		F94C4383F7F1DE02DB13F99A /* Notifications.swift in Sources */ = {isa = PBXBuildFile; fileRef = 45B9B54ABD2737EC4B5D02EE /* Notifications.swift */; };
		FC88266EE0ECEBC98562AE5F /* CompanionCore in Frameworks */ = {isa = PBXBuildFile; productRef = 7A80327F4F1AD77B33EFD966 /* CompanionCore */; };
/* End PBXBuildFile section */

/* Begin PBXContainerItemProxy section */
		997FA08FD0C29F36CDC6CCBA /* PBXContainerItemProxy */ = {
			isa = PBXContainerItemProxy;
			containerPortal = CF18C3C881668EF518540C73 /* Project object */;
			proxyType = 1;
			remoteGlobalIDString = A019D777AAAC75521E45183F;
			remoteInfo = BotFleetWidgets;
		};
/* End PBXContainerItemProxy section */

/* Begin PBXCopyFilesBuildPhase section */
		0A0404300F9ED1798164B4F8 /* Embed Foundation Extensions */ = {
			isa = PBXCopyFilesBuildPhase;
			buildActionMask = 2147483647;
			dstPath = "";
			dstSubfolderSpec = 13;
			files = (
				3D8F9FAF190A01FE3AE4396A /* BotFleetWidgets.appex in Embed Foundation Extensions */,
			);
			name = "Embed Foundation Extensions";
			runOnlyForDeploymentPostprocessing = 0;
		};
/* End PBXCopyFilesBuildPhase section */

/* Begin PBXFileReference section */
		0ACB5BB19D912298FC7902DF /* UpdatesSheet.swift */ = {isa = PBXFileReference; lastKnownFileType = sourcecode.swift; path = UpdatesSheet.swift; sourceTree = "<group>"; };
		12CA0CF3D09484DBE6DD7F7C /* CompanionApp.swift */ = {isa = PBXFileReference; lastKnownFileType = sourcecode.swift; path = CompanionApp.swift; sourceTree = "<group>"; };
		18A37C5C13FAA221019EF286 /* Discovery.swift */ = {isa = PBXFileReference; lastKnownFileType = sourcecode.swift; path = Discovery.swift; sourceTree = "<group>"; };
		20B7A219402F3BE75BCC913A /* AgentProfileView.swift */ = {isa = PBXFileReference; lastKnownFileType = sourcecode.swift; path = AgentProfileView.swift; sourceTree = "<group>"; };
		295DEC9F0334E7CDB950A183 /* BotAvatarView.swift */ = {isa = PBXFileReference; lastKnownFileType = sourcecode.swift; path = BotAvatarView.swift; sourceTree = "<group>"; };
		2B4598D27AE633BCCE095705 /* ios */ = {isa = PBXFileReference; lastKnownFileType = folder; name = ios; path = .; sourceTree = SOURCE_ROOT; };
		2E83F767A05658DB7C1AFB57 /* NewGroupSheet.swift */ = {isa = PBXFileReference; lastKnownFileType = sourcecode.swift; path = NewGroupSheet.swift; sourceTree = "<group>"; };
		2FF7BE6DA81FD4DF004E9E07 /* ConnectedAppsView.swift */ = {isa = PBXFileReference; lastKnownFileType = sourcecode.swift; path = ConnectedAppsView.swift; sourceTree = "<group>"; };
		30709AB0A299E8077D140B38 /* PairingScanner.swift */ = {isa = PBXFileReference; lastKnownFileType = sourcecode.swift; path = PairingScanner.swift; sourceTree = "<group>"; };
		3469EA9EBDB35F3F92450849 /* PlatformBridge.swift */ = {isa = PBXFileReference; lastKnownFileType = sourcecode.swift; path = PlatformBridge.swift; sourceTree = "<group>"; };
		39816A1ED062CEB3BE6186C1 /* SkillExecutionReceiptView.swift */ = {isa = PBXFileReference; lastKnownFileType = sourcecode.swift; path = SkillExecutionReceiptView.swift; sourceTree = "<group>"; };
		40A62500D69EA20B3113D034 /* BotFleet.app */ = {isa = PBXFileReference; includeInIndex = 0; lastKnownFileType = wrapper.application; path = BotFleet.app; sourceTree = BUILT_PRODUCTS_DIR; };
		45B9B54ABD2737EC4B5D02EE /* Notifications.swift */ = {isa = PBXFileReference; lastKnownFileType = sourcecode.swift; path = Notifications.swift; sourceTree = "<group>"; };
		4F9735C840E9DA0687698743 /* ChatListView.swift */ = {isa = PBXFileReference; lastKnownFileType = sourcecode.swift; path = ChatListView.swift; sourceTree = "<group>"; };
		5021FB3374D95BB3B81BC39F /* BotFleetWidgets.appex */ = {isa = PBXFileReference; includeInIndex = 0; lastKnownFileType = "wrapper.app-extension"; path = BotFleetWidgets.appex; sourceTree = BUILT_PRODUCTS_DIR; };
		53AF4BCC0A60810CED861184 /* SQLResultTableView.swift */ = {isa = PBXFileReference; lastKnownFileType = sourcecode.swift; path = SQLResultTableView.swift; sourceTree = "<group>"; };
		56D644AC564E6852512498E1 /* Info.plist */ = {isa = PBXFileReference; lastKnownFileType = text.plist; path = Info.plist; sourceTree = "<group>"; };
		5CD309D240B263E2375C7B6F /* SpeechBubble.swift */ = {isa = PBXFileReference; lastKnownFileType = sourcecode.swift; path = SpeechBubble.swift; sourceTree = "<group>"; };
		5EDD2F1B4F44BC04E6ACE914 /* Glass.swift */ = {isa = PBXFileReference; lastKnownFileType = sourcecode.swift; path = Glass.swift; sourceTree = "<group>"; };
		5FC1AA5DF1C051E30FA9EB8C /* BotFleet.entitlements */ = {isa = PBXFileReference; lastKnownFileType = text.plist.entitlements; path = BotFleet.entitlements; sourceTree = "<group>"; };
		6576F199771F1EDD4AA1EED4 /* SentryTelemetry.swift */ = {isa = PBXFileReference; lastKnownFileType = sourcecode.swift; path = SentryTelemetry.swift; sourceTree = "<group>"; };
		6B3CA6E831B979FA9CC31EE4 /* PairingView.swift */ = {isa = PBXFileReference; lastKnownFileType = sourcecode.swift; path = PairingView.swift; sourceTree = "<group>"; };
		729551C273A4D7DFB169A627 /* SpeechDictation.swift */ = {isa = PBXFileReference; lastKnownFileType = sourcecode.swift; path = SpeechDictation.swift; sourceTree = "<group>"; };
		751DDE68A0A18CA456083F50 /* MarkdownText.swift */ = {isa = PBXFileReference; lastKnownFileType = sourcecode.swift; path = MarkdownText.swift; sourceTree = "<group>"; };
		7878DD3B4F7DDE005ED45A96 /* MausFaceData.swift */ = {isa = PBXFileReference; lastKnownFileType = sourcecode.swift; path = MausFaceData.swift; sourceTree = "<group>"; };
		7DE162F71FB8C24D5201FB3B /* MausAvatar.swift */ = {isa = PBXFileReference; lastKnownFileType = sourcecode.swift; path = MausAvatar.swift; sourceTree = "<group>"; };
		7FE267858DB41047FB39076D /* BotFleetWidgets.entitlements */ = {isa = PBXFileReference; lastKnownFileType = text.plist.entitlements; path = BotFleetWidgets.entitlements; sourceTree = "<group>"; };
		81CD5C26F01948AADBFB3057 /* AgentThoughtChamberView.swift */ = {isa = PBXFileReference; lastKnownFileType = sourcecode.swift; path = AgentThoughtChamberView.swift; sourceTree = "<group>"; };
		85D9F0409FE4443305CCDC7F /* MascotState.swift */ = {isa = PBXFileReference; lastKnownFileType = sourcecode.swift; path = MascotState.swift; sourceTree = "<group>"; };
		980FA8A83CC6209596F3BE40 /* GitPRDiffCardView.swift */ = {isa = PBXFileReference; lastKnownFileType = sourcecode.swift; path = GitPRDiffCardView.swift; sourceTree = "<group>"; };
		9F6BD86F7974F582B34ACEC6 /* PredictiveActionChipsView.swift */ = {isa = PBXFileReference; lastKnownFileType = sourcecode.swift; path = PredictiveActionChipsView.swift; sourceTree = "<group>"; };
		AFD95177C1F706A40E7E518F /* TypingIndicatorView.swift */ = {isa = PBXFileReference; lastKnownFileType = sourcecode.swift; path = TypingIndicatorView.swift; sourceTree = "<group>"; };
		B07B39990D85EC02087034AC /* CloudDesktopBrowser.swift */ = {isa = PBXFileReference; lastKnownFileType = sourcecode.swift; path = CloudDesktopBrowser.swift; sourceTree = "<group>"; };
		B320FBB215896FBBAF92028A /* StorePreview.json */ = {isa = PBXFileReference; lastKnownFileType = text.json; path = StorePreview.json; sourceTree = "<group>"; };
		B56E714A2A8AAA529ECCCCAF /* Updates.swift */ = {isa = PBXFileReference; lastKnownFileType = sourcecode.swift; path = Updates.swift; sourceTree = "<group>"; };
		B61481C32D4C2095EA1C4C41 /* OnboardingViews.swift */ = {isa = PBXFileReference; lastKnownFileType = sourcecode.swift; path = OnboardingViews.swift; sourceTree = "<group>"; };
		BAE9E43BFEA2E7554A9976A0 /* SettingsView.swift */ = {isa = PBXFileReference; lastKnownFileType = sourcecode.swift; path = SettingsView.swift; sourceTree = "<group>"; };
		BBC89917EE388120035B45E5 /* Assets.xcassets */ = {isa = PBXFileReference; lastKnownFileType = folder.assetcatalog; path = Assets.xcassets; sourceTree = "<group>"; };
		C1E9F9C0ED5805BF3669EC79 /* Keychain.swift */ = {isa = PBXFileReference; lastKnownFileType = sourcecode.swift; path = Keychain.swift; sourceTree = "<group>"; };
		C47BDA59A21B7A88018EE739 /* BotActivity.swift */ = {isa = PBXFileReference; lastKnownFileType = sourcecode.swift; path = BotActivity.swift; sourceTree = "<group>"; };
		C8B43FBE53474AA8AAA97EED /* CommandSkillHUDView.swift */ = {isa = PBXFileReference; lastKnownFileType = sourcecode.swift; path = CommandSkillHUDView.swift; sourceTree = "<group>"; };
		D0841F8B923FBA4A84FA9074 /* TaskManagerView.swift */ = {isa = PBXFileReference; lastKnownFileType = sourcecode.swift; path = TaskManagerView.swift; sourceTree = "<group>"; };
		D903428D2B87B9B313B8C5B2 /* TasksRoutinesView.swift */ = {isa = PBXFileReference; lastKnownFileType = sourcecode.swift; path = TasksRoutinesView.swift; sourceTree = "<group>"; };
		DA855AC04B70C8159EF4BFAF /* PrivacyInfo.xcprivacy */ = {isa = PBXFileReference; path = PrivacyInfo.xcprivacy; sourceTree = "<group>"; };
		DC3E6C28C1988E134D56BC6B /* OpenMausWidgets.swift */ = {isa = PBXFileReference; lastKnownFileType = sourcecode.swift; path = OpenMausWidgets.swift; sourceTree = "<group>"; };
		DF97DEC0F942B1DF64D96D09 /* GroupProfileView.swift */ = {isa = PBXFileReference; lastKnownFileType = sourcecode.swift; path = GroupProfileView.swift; sourceTree = "<group>"; };
		E3B952FA219D0735100D353E /* LiveActivities.swift */ = {isa = PBXFileReference; lastKnownFileType = sourcecode.swift; path = LiveActivities.swift; sourceTree = "<group>"; };
		E69429996A018D97CADBF800 /* Island.swift */ = {isa = PBXFileReference; lastKnownFileType = sourcecode.swift; path = Island.swift; sourceTree = "<group>"; };
		EC6F812477213096F0CE3825 /* ChatView.swift */ = {isa = PBXFileReference; lastKnownFileType = sourcecode.swift; path = ChatView.swift; sourceTree = "<group>"; };
		EEB6E2D6C37FEA56DA2604D7 /* ComputerView.swift */ = {isa = PBXFileReference; lastKnownFileType = sourcecode.swift; path = ComputerView.swift; sourceTree = "<group>"; };
		F48A501FB10DDC1D6AEC7559 /* Session.swift */ = {isa = PBXFileReference; lastKnownFileType = sourcecode.swift; path = Session.swift; sourceTree = "<group>"; };
		F581055AF63610CABDD6164D /* Info.plist */ = {isa = PBXFileReference; lastKnownFileType = text.plist; path = Info.plist; sourceTree = "<group>"; };
/* End PBXFileReference section */

/* Begin PBXFrameworksBuildPhase section */
		7B213B683C532489E0D7E2C1 /* Frameworks */ = {
			isa = PBXFrameworksBuildPhase;
			buildActionMask = 2147483647;
			files = (
				FC88266EE0ECEBC98562AE5F /* CompanionCore in Frameworks */,
				B53C4919CB8A39EE6F220373 /* Sentry in Frameworks */,
			);
			runOnlyForDeploymentPostprocessing = 0;
		};
/* End PBXFrameworksBuildPhase section */

/* Begin PBXGroup section */
		140EC1FB2C89B2227AEA6D0D /* App */ = {
			isa = PBXGroup;
			children = (
				20B7A219402F3BE75BCC913A /* AgentProfileView.swift */,
				BBC89917EE388120035B45E5 /* Assets.xcassets */,
				295DEC9F0334E7CDB950A183 /* BotAvatarView.swift */,
				5FC1AA5DF1C051E30FA9EB8C /* BotFleet.entitlements */,
				4F9735C840E9DA0687698743 /* ChatListView.swift */,
				EC6F812477213096F0CE3825 /* ChatView.swift */,
				B07B39990D85EC02087034AC /* CloudDesktopBrowser.swift */,
				12CA0CF3D09484DBE6DD7F7C /* CompanionApp.swift */,
				EEB6E2D6C37FEA56DA2604D7 /* ComputerView.swift */,
				2FF7BE6DA81FD4DF004E9E07 /* ConnectedAppsView.swift */,
				18A37C5C13FAA221019EF286 /* Discovery.swift */,
				5EDD2F1B4F44BC04E6ACE914 /* Glass.swift */,
				DF97DEC0F942B1DF64D96D09 /* GroupProfileView.swift */,
				F581055AF63610CABDD6164D /* Info.plist */,
				E69429996A018D97CADBF800 /* Island.swift */,
				C1E9F9C0ED5805BF3669EC79 /* Keychain.swift */,
				E3B952FA219D0735100D353E /* LiveActivities.swift */,
				751DDE68A0A18CA456083F50 /* MarkdownText.swift */,
				85D9F0409FE4443305CCDC7F /* MascotState.swift */,
				7DE162F71FB8C24D5201FB3B /* MausAvatar.swift */,
				7878DD3B4F7DDE005ED45A96 /* MausFaceData.swift */,
				2E83F767A05658DB7C1AFB57 /* NewGroupSheet.swift */,
				45B9B54ABD2737EC4B5D02EE /* Notifications.swift */,
				B61481C32D4C2095EA1C4C41 /* OnboardingViews.swift */,
				30709AB0A299E8077D140B38 /* PairingScanner.swift */,
				6B3CA6E831B979FA9CC31EE4 /* PairingView.swift */,
				3469EA9EBDB35F3F92450849 /* PlatformBridge.swift */,
				DA855AC04B70C8159EF4BFAF /* PrivacyInfo.xcprivacy */,
				6576F199771F1EDD4AA1EED4 /* SentryTelemetry.swift */,
				F48A501FB10DDC1D6AEC7559 /* Session.swift */,
				BAE9E43BFEA2E7554A9976A0 /* SettingsView.swift */,
				5CD309D240B263E2375C7B6F /* SpeechBubble.swift */,
				729551C273A4D7DFB169A627 /* SpeechDictation.swift */,
				B320FBB215896FBBAF92028A /* StorePreview.json */,
				D0841F8B923FBA4A84FA9074 /* TaskManagerView.swift */,
				D903428D2B87B9B313B8C5B2 /* TasksRoutinesView.swift */,
				B56E714A2A8AAA529ECCCCAF /* Updates.swift */,
				0ACB5BB19D912298FC7902DF /* UpdatesSheet.swift */,
				B1B6B940D803CF2D6B07019D /* Cards */,
				279294BB5061D8B2F2C0C5FD /* Composer */,
			);
			path = App;
			sourceTree = "<group>";
		};
		279294BB5061D8B2F2C0C5FD /* Composer */ = {
			isa = PBXGroup;
			children = (
				C8B43FBE53474AA8AAA97EED /* CommandSkillHUDView.swift */,
				9F6BD86F7974F582B34ACEC6 /* PredictiveActionChipsView.swift */,
				AFD95177C1F706A40E7E518F /* TypingIndicatorView.swift */,
			);
			path = Composer;
			sourceTree = "<group>";
		};
		325912F5B09E0FE28D7F659B = {
			isa = PBXGroup;
			children = (
				140EC1FB2C89B2227AEA6D0D /* App */,
				77B1A6799F6CA77C80607D64 /* Packages */,
				8A1A0DA6BDB794AC3534B08A /* Shared */,
				ACB7C1E780CEE3175E6A195B /* Widgets */,
				3404B19F56A4D78024C1C5A8 /* Products */,
			);
			sourceTree = "<group>";
		};
		3404B19F56A4D78024C1C5A8 /* Products */ = {
			isa = PBXGroup;
			children = (
				40A62500D69EA20B3113D034 /* BotFleet.app */,
				5021FB3374D95BB3B81BC39F /* BotFleetWidgets.appex */,
			);
			name = Products;
			sourceTree = "<group>";
		};
		77B1A6799F6CA77C80607D64 /* Packages */ = {
			isa = PBXGroup;
			children = (
				2B4598D27AE633BCCE095705 /* ios */,
			);
			name = Packages;
			sourceTree = "<group>";
		};
		8A1A0DA6BDB794AC3534B08A /* Shared */ = {
			isa = PBXGroup;
			children = (
				C47BDA59A21B7A88018EE739 /* BotActivity.swift */,
			);
			path = Shared;
			sourceTree = "<group>";
		};
		ACB7C1E780CEE3175E6A195B /* Widgets */ = {
			isa = PBXGroup;
			children = (
				7FE267858DB41047FB39076D /* BotFleetWidgets.entitlements */,
				56D644AC564E6852512498E1 /* Info.plist */,
				DC3E6C28C1988E134D56BC6B /* OpenMausWidgets.swift */,
			);
			path = Widgets;
			sourceTree = "<group>";
		};
		B1B6B940D803CF2D6B07019D /* Cards */ = {
			isa = PBXGroup;
			children = (
				81CD5C26F01948AADBFB3057 /* AgentThoughtChamberView.swift */,
				980FA8A83CC6209596F3BE40 /* GitPRDiffCardView.swift */,
				39816A1ED062CEB3BE6186C1 /* SkillExecutionReceiptView.swift */,
				53AF4BCC0A60810CED861184 /* SQLResultTableView.swift */,
			);
			path = Cards;
			sourceTree = "<group>";
		};
/* End PBXGroup section */

/* Begin PBXNativeTarget section */
		2D181846D5DBE08823FC84E3 /* BotFleet */ = {
			isa = PBXNativeTarget;
			buildConfigurationList = B7E6A6072BF368089D0E66FF /* Build configuration list for PBXNativeTarget "BotFleet" */;
			buildPhases = (
				C092392C6B0137917C84821B /* Sources */,
				C2BDF1E70355929E2E388BD2 /* Resources */,
				7B213B683C532489E0D7E2C1 /* Frameworks */,
				0A0404300F9ED1798164B4F8 /* Embed Foundation Extensions */,
			);
			buildRules = (
			);
			dependencies = (
				3310B798399C9D592C5894C4 /* PBXTargetDependency */,
			);
			name = BotFleet;
			packageProductDependencies = (
				7A80327F4F1AD77B33EFD966 /* CompanionCore */,
				14DFFEEDFF3D6C3E24075865 /* Sentry */,
			);
			productName = BotFleet;
			productReference = 40A62500D69EA20B3113D034 /* BotFleet.app */;
			productType = "com.apple.product-type.application";
		};
		A019D777AAAC75521E45183F /* BotFleetWidgets */ = {
			isa = PBXNativeTarget;
			buildConfigurationList = EEA1074745433DE0B50A1F03 /* Build configuration list for PBXNativeTarget "BotFleetWidgets" */;
			buildPhases = (
				64B93F2A924F9BD0FDF6899E /* Sources */,
			);
			buildRules = (
			);
			dependencies = (
			);
			name = BotFleetWidgets;
			packageProductDependencies = (
			);
			productName = BotFleetWidgets;
			productReference = 5021FB3374D95BB3B81BC39F /* BotFleetWidgets.appex */;
			productType = "com.apple.product-type.app-extension";
		};
/* End PBXNativeTarget section */

/* Begin PBXProject section */
		CF18C3C881668EF518540C73 /* Project object */ = {
			isa = PBXProject;
			attributes = {
				BuildIndependentTargetsInParallel = YES;
				LastUpgradeCheck = 1430;
				TargetAttributes = {
					2D181846D5DBE08823FC84E3 = {
						DevelopmentTeam = CC8UTF7ATG;
						ProvisioningStyle = Automatic;
					};
					A019D777AAAC75521E45183F = {
						DevelopmentTeam = CC8UTF7ATG;
						ProvisioningStyle = Automatic;
					};
				};
			};
			buildConfigurationList = 0DF27675E8361D9060D4AFCE /* Build configuration list for PBXProject "BotFleet" */;
			developmentRegion = en;
			hasScannedForEncodings = 0;
			knownRegions = (
				Base,
				en,
			);
			mainGroup = 325912F5B09E0FE28D7F659B;
			minimizedProjectReferenceProxies = 1;
			packageReferences = (
				8D1AE14949026D2E02B5994F /* XCRemoteSwiftPackageReference "sentry-cocoa" */,
				CAF0D7F2BBAC13AA0D2B4108 /* XCLocalSwiftPackageReference "." */,
			);
			preferredProjectObjectVersion = 77;
			productRefGroup = 3404B19F56A4D78024C1C5A8 /* Products */;
			projectDirPath = "";
			projectRoot = "";
			targets = (
				2D181846D5DBE08823FC84E3 /* BotFleet */,
				A019D777AAAC75521E45183F /* BotFleetWidgets */,
			);
		};
/* End PBXProject section */

/* Begin PBXResourcesBuildPhase section */
		C2BDF1E70355929E2E388BD2 /* Resources */ = {
			isa = PBXResourcesBuildPhase;
			buildActionMask = 2147483647;
			files = (
				51B7A964D7E426E2DC64095A /* Assets.xcassets in Resources */,
				B30EC7F62FBE7EF705340FD0 /* PrivacyInfo.xcprivacy in Resources */,
				795B2B0D2A81A30453CB9064 /* StorePreview.json in Resources */,
			);
			runOnlyForDeploymentPostprocessing = 0;
		};
/* End PBXResourcesBuildPhase section */

/* Begin PBXSourcesBuildPhase section */
		64B93F2A924F9BD0FDF6899E /* Sources */ = {
			isa = PBXSourcesBuildPhase;
			buildActionMask = 2147483647;
			files = (
				E2B50AD1B7D41F477C49789D /* BotActivity.swift in Sources */,
				705165DCAC19EA9717ACC0EB /* MausAvatar.swift in Sources */,
				7DE53FC757ADC40F6479E6D0 /* MausFaceData.swift in Sources */,
				033C011BEEC98057E2A087A2 /* OpenMausWidgets.swift in Sources */,
			);
			runOnlyForDeploymentPostprocessing = 0;
		};
		C092392C6B0137917C84821B /* Sources */ = {
			isa = PBXSourcesBuildPhase;
			buildActionMask = 2147483647;
			files = (
				AA9DCB1648F8DD7385E026DD /* AgentProfileView.swift in Sources */,
				E134A55073FC619E7A4E2C4B /* AgentThoughtChamberView.swift in Sources */,
				E4398FC3EE6B60FCC1EC98EF /* BotActivity.swift in Sources */,
				F92EADDC1A3A066EC90D87A6 /* BotAvatarView.swift in Sources */,
				4365CD30544BD9626890C36B /* ChatListView.swift in Sources */,
				8093925BF61880E798079947 /* ChatView.swift in Sources */,
				6A61A180DC395DF299211BBA /* CloudDesktopBrowser.swift in Sources */,
				72B19B96A9E56AD022A7D19D /* CommandSkillHUDView.swift in Sources */,
				CEFB5A1CF8FA8E998281217F /* CompanionApp.swift in Sources */,
				549B60B7C4B7553D4CE88AE5 /* ComputerView.swift in Sources */,
				1ECB0CCDF34062D30980F4A3 /* ConnectedAppsView.swift in Sources */,
				E3FD14480122F1B878591824 /* Discovery.swift in Sources */,
				C62FBA1C41E0C9BACB586B40 /* GitPRDiffCardView.swift in Sources */,
				E071B42384652EA3C20DF007 /* Glass.swift in Sources */,
				8703DC42A071D69149CD0FA7 /* GroupProfileView.swift in Sources */,
				ED70A77E65170B643A815AA2 /* Island.swift in Sources */,
				EEB2ADD65BD7929BFA7CED7F /* Keychain.swift in Sources */,
				2A6D4C4F12C0566DE37C46E4 /* LiveActivities.swift in Sources */,
				EAFFF648D990B21EB94F980F /* MarkdownText.swift in Sources */,
				3C3BBEA5036F2C2DA537CC32 /* MascotState.swift in Sources */,
				D377176889C1EEA3B45A0A4F /* MausAvatar.swift in Sources */,
				266ED872F01E63DA0B46E5E0 /* MausFaceData.swift in Sources */,
				93A08AEED22A23A69C21AE37 /* NewGroupSheet.swift in Sources */,
				F94C4383F7F1DE02DB13F99A /* Notifications.swift in Sources */,
				45B303127E187B5D29E3C8CF /* OnboardingViews.swift in Sources */,
				EA98A959C25B70626628A8E1 /* PairingScanner.swift in Sources */,
				F7502E94E981A06CEF4A2869 /* PairingView.swift in Sources */,
				DAF382EF3976013EA1CD2194 /* PlatformBridge.swift in Sources */,
				3E1B3E23A8BF5C1705E9D3A3 /* PredictiveActionChipsView.swift in Sources */,
				A62D37AFD9E77849993EBDDB /* SQLResultTableView.swift in Sources */,
				115E25BE7A069EE32981E824 /* SentryTelemetry.swift in Sources */,
				BF9C58CB7F24A98EC69AEF35 /* Session.swift in Sources */,
				5BFCF348E8FD81D8C893DFFB /* SettingsView.swift in Sources */,
				BDE70D8390F9B9E056D65FCB /* SkillExecutionReceiptView.swift in Sources */,
				3E5BDEF84E6E070BDBA828DD /* SpeechBubble.swift in Sources */,
				C666267F94412A3C3AD33BAC /* SpeechDictation.swift in Sources */,
				985C78FE91FAD08FFFC714CE /* TaskManagerView.swift in Sources */,
				DE58E78C3300BF096D3DD9E7 /* TasksRoutinesView.swift in Sources */,
				76E8E769ACF5475D6F393FA8 /* TypingIndicatorView.swift in Sources */,
				1C8F61AB0339251291D484D1 /* Updates.swift in Sources */,
				26CADEFE898637CFF0D70E3D /* UpdatesSheet.swift in Sources */,
			);
			runOnlyForDeploymentPostprocessing = 0;
		};
/* End PBXSourcesBuildPhase section */

/* Begin PBXTargetDependency section */
		3310B798399C9D592C5894C4 /* PBXTargetDependency */ = {
			isa = PBXTargetDependency;
			target = A019D777AAAC75521E45183F /* BotFleetWidgets */;
			targetProxy = 997FA08FD0C29F36CDC6CCBA /* PBXContainerItemProxy */;
		};
/* End PBXTargetDependency section */

/* Begin XCBuildConfiguration section */
		3A26F8FEAA459F8A0E7C2FD8 /* Debug */ = {
			isa = XCBuildConfiguration;
			buildSettings = {
				CODE_SIGN_STYLE = Automatic;
				CURRENT_PROJECT_VERSION = 1;
				DEVELOPMENT_TEAM = CC8UTF7ATG;
				INFOPLIST_FILE = Widgets/Info.plist;
				LD_RUNPATH_SEARCH_PATHS = (
					"$(inherited)",
					"@executable_path/Frameworks",
					"@executable_path/../../Frameworks",
				);
				MARKETING_VERSION = 1.0.0;
				PRODUCT_BUNDLE_IDENTIFIER = app.botfleet.widgets;
				SDKROOT = iphoneos;
				SKIP_INSTALL = YES;
				SWIFT_VERSION = 5.9;
				TARGETED_DEVICE_FAMILY = 1;
			};
			name = Debug;
		};
		73C4743559E0CF3515750DF2 /* Release */ = {
			isa = XCBuildConfiguration;
			buildSettings = {
				CODE_SIGN_STYLE = Automatic;
				CURRENT_PROJECT_VERSION = 1;
				DEVELOPMENT_TEAM = CC8UTF7ATG;
				INFOPLIST_FILE = Widgets/Info.plist;
				LD_RUNPATH_SEARCH_PATHS = (
					"$(inherited)",
					"@executable_path/Frameworks",
					"@executable_path/../../Frameworks",
				);
				MARKETING_VERSION = 1.0.0;
				PRODUCT_BUNDLE_IDENTIFIER = app.botfleet.widgets;
				SDKROOT = iphoneos;
				SKIP_INSTALL = YES;
				SWIFT_VERSION = 5.9;
				TARGETED_DEVICE_FAMILY = 1;
			};
			name = Release;
		};
		7D21C0C1F38A4350EFD94185 /* Release */ = {
			isa = XCBuildConfiguration;
			buildSettings = {
				ASSETCATALOG_COMPILER_APPICON_NAME = AppIcon;
				CODE_SIGN_IDENTITY = "iPhone Developer";
				CODE_SIGN_STYLE = Automatic;
				CURRENT_PROJECT_VERSION = 1;
				DEVELOPMENT_TEAM = CC8UTF7ATG;
				INFOPLIST_FILE = App/Info.plist;
				LD_RUNPATH_SEARCH_PATHS = (
					"$(inherited)",
					"@executable_path/Frameworks",
				);
				MARKETING_VERSION = 1.0.0;
				PRODUCT_BUNDLE_IDENTIFIER = app.botfleet;
				SDKROOT = iphoneos;
				SWIFT_VERSION = 5.9;
				TARGETED_DEVICE_FAMILY = 1;
			};
			name = Release;
		};
		7E1E786722E540226DA31AD1 /* Debug */ = {
			isa = XCBuildConfiguration;
			buildSettings = {
				ASSETCATALOG_COMPILER_APPICON_NAME = AppIcon;
				CODE_SIGN_IDENTITY = "iPhone Developer";
				CODE_SIGN_STYLE = Automatic;
				CURRENT_PROJECT_VERSION = 1;
				DEVELOPMENT_TEAM = CC8UTF7ATG;
				INFOPLIST_FILE = App/Info.plist;
				LD_RUNPATH_SEARCH_PATHS = (
					"$(inherited)",
					"@executable_path/Frameworks",
				);
				MARKETING_VERSION = 1.0.0;
				PRODUCT_BUNDLE_IDENTIFIER = app.botfleet;
				SDKROOT = iphoneos;
				SWIFT_VERSION = 5.9;
				TARGETED_DEVICE_FAMILY = 1;
			};
			name = Debug;
		};
		8A0955FCC86059231E6B56C7 /* Release */ = {
			isa = XCBuildConfiguration;
			buildSettings = {
				ALWAYS_SEARCH_USER_PATHS = NO;
				CLANG_ANALYZER_NONNULL = YES;
				CLANG_ANALYZER_NUMBER_OBJECT_CONVERSION = YES_AGGRESSIVE;
				CLANG_CXX_LANGUAGE_STANDARD = "gnu++14";
				CLANG_CXX_LIBRARY = "libc++";
				CLANG_ENABLE_MODULES = YES;
				CLANG_ENABLE_OBJC_ARC = YES;
				CLANG_ENABLE_OBJC_WEAK = YES;
				CLANG_WARN_BLOCK_CAPTURE_AUTORELEASING = YES;
				CLANG_WARN_BOOL_CONVERSION = YES;
				CLANG_WARN_COMMA = YES;
				CLANG_WARN_CONSTANT_CONVERSION = YES;
				CLANG_WARN_DEPRECATED_OBJC_IMPLEMENTATIONS = YES;
				CLANG_WARN_DIRECT_OBJC_ISA_USAGE = YES_ERROR;
				CLANG_WARN_DOCUMENTATION_COMMENTS = YES;
				CLANG_WARN_EMPTY_BODY = YES;
				CLANG_WARN_ENUM_CONVERSION = YES;
				CLANG_WARN_INFINITE_RECURSION = YES;
				CLANG_WARN_INT_CONVERSION = YES;
				CLANG_WARN_NON_LITERAL_NULL_CONVERSION = YES;
				CLANG_WARN_OBJC_IMPLICIT_RETAIN_SELF = YES;
				CLANG_WARN_OBJC_LITERAL_CONVERSION = YES;
				CLANG_WARN_OBJC_ROOT_CLASS = YES_ERROR;
				CLANG_WARN_QUOTED_INCLUDE_IN_FRAMEWORK_HEADER = YES;
				CLANG_WARN_RANGE_LOOP_ANALYSIS = YES;
				CLANG_WARN_STRICT_PROTOTYPES = YES;
				CLANG_WARN_SUSPICIOUS_MOVE = YES;
				CLANG_WARN_UNGUARDED_AVAILABILITY = YES_AGGRESSIVE;
				CLANG_WARN_UNREACHABLE_CODE = YES;
				CLANG_WARN__DUPLICATE_METHOD_MATCH = YES;
				COPY_PHASE_STRIP = NO;
				DEBUG_INFORMATION_FORMAT = "dwarf-with-dsym";
				ENABLE_NS_ASSERTIONS = NO;
				ENABLE_STRICT_OBJC_MSGSEND = YES;
				GCC_C_LANGUAGE_STANDARD = gnu11;
				GCC_NO_COMMON_BLOCKS = YES;
				GCC_WARN_64_TO_32_BIT_CONVERSION = YES;
				GCC_WARN_ABOUT_RETURN_TYPE = YES_ERROR;
				GCC_WARN_UNDECLARED_SELECTOR = YES;
				GCC_WARN_UNINITIALIZED_AUTOS = YES_AGGRESSIVE;
				GCC_WARN_UNUSED_FUNCTION = YES;
				GCC_WARN_UNUSED_VARIABLE = YES;
				IPHONEOS_DEPLOYMENT_TARGET = 17.0;
				MTL_ENABLE_DEBUG_INFO = NO;
				MTL_FAST_MATH = YES;
				PRODUCT_NAME = "$(TARGET_NAME)";
				SDKROOT = iphoneos;
				SWIFT_COMPILATION_MODE = wholemodule;
				SWIFT_OPTIMIZATION_LEVEL = "-O";
				SWIFT_VERSION = 5.0;
			};
			name = Release;
		};
		CE3CCCF597BCB6924FC90721 /* Debug */ = {
			isa = XCBuildConfiguration;
			buildSettings = {
				ALWAYS_SEARCH_USER_PATHS = NO;
				CLANG_ANALYZER_NONNULL = YES;
				CLANG_ANALYZER_NUMBER_OBJECT_CONVERSION = YES_AGGRESSIVE;
				CLANG_CXX_LANGUAGE_STANDARD = "gnu++14";
				CLANG_CXX_LIBRARY = "libc++";
				CLANG_ENABLE_MODULES = YES;
				CLANG_ENABLE_OBJC_ARC = YES;
				CLANG_ENABLE_OBJC_WEAK = YES;
				CLANG_WARN_BLOCK_CAPTURE_AUTORELEASING = YES;
				CLANG_WARN_BOOL_CONVERSION = YES;
				CLANG_WARN_COMMA = YES;
				CLANG_WARN_CONSTANT_CONVERSION = YES;
				CLANG_WARN_DEPRECATED_OBJC_IMPLEMENTATIONS = YES;
				CLANG_WARN_DIRECT_OBJC_ISA_USAGE = YES_ERROR;
				CLANG_WARN_DOCUMENTATION_COMMENTS = YES;
				CLANG_WARN_EMPTY_BODY = YES;
				CLANG_WARN_ENUM_CONVERSION = YES;
				CLANG_WARN_INFINITE_RECURSION = YES;
				CLANG_WARN_INT_CONVERSION = YES;
				CLANG_WARN_NON_LITERAL_NULL_CONVERSION = YES;
				CLANG_WARN_OBJC_IMPLICIT_RETAIN_SELF = YES;
				CLANG_WARN_OBJC_LITERAL_CONVERSION = YES;
				CLANG_WARN_OBJC_ROOT_CLASS = YES_ERROR;
				CLANG_WARN_QUOTED_INCLUDE_IN_FRAMEWORK_HEADER = YES;
				CLANG_WARN_RANGE_LOOP_ANALYSIS = YES;
				CLANG_WARN_STRICT_PROTOTYPES = YES;
				CLANG_WARN_SUSPICIOUS_MOVE = YES;
				CLANG_WARN_UNGUARDED_AVAILABILITY = YES_AGGRESSIVE;
				CLANG_WARN_UNREACHABLE_CODE = YES;
				CLANG_WARN__DUPLICATE_METHOD_MATCH = YES;
				COPY_PHASE_STRIP = NO;
				DEBUG_INFORMATION_FORMAT = dwarf;
				ENABLE_STRICT_OBJC_MSGSEND = YES;
				ENABLE_TESTABILITY = YES;
				GCC_C_LANGUAGE_STANDARD = gnu11;
				GCC_DYNAMIC_NO_PIC = NO;
				GCC_NO_COMMON_BLOCKS = YES;
				GCC_OPTIMIZATION_LEVEL = 0;
				GCC_PREPROCESSOR_DEFINITIONS = (
					"$(inherited)",
					"DEBUG=1",
				);
				GCC_WARN_64_TO_32_BIT_CONVERSION = YES;
				GCC_WARN_ABOUT_RETURN_TYPE = YES_ERROR;
				GCC_WARN_UNDECLARED_SELECTOR = YES;
				GCC_WARN_UNINITIALIZED_AUTOS = YES_AGGRESSIVE;
				GCC_WARN_UNUSED_FUNCTION = YES;
				GCC_WARN_UNUSED_VARIABLE = YES;
				IPHONEOS_DEPLOYMENT_TARGET = 17.0;
				MTL_ENABLE_DEBUG_INFO = INCLUDE_SOURCE;
				MTL_FAST_MATH = YES;
				ONLY_ACTIVE_ARCH = YES;
				PRODUCT_NAME = "$(TARGET_NAME)";
				SDKROOT = iphoneos;
				SWIFT_ACTIVE_COMPILATION_CONDITIONS = DEBUG;
				SWIFT_OPTIMIZATION_LEVEL = "-Onone";
				SWIFT_VERSION = 5.0;
			};
			name = Debug;
		};
/* End XCBuildConfiguration section */

/* Begin XCConfigurationList section */
		0DF27675E8361D9060D4AFCE /* Build configuration list for PBXProject "BotFleet" */ = {
			isa = XCConfigurationList;
			buildConfigurations = (
				CE3CCCF597BCB6924FC90721 /* Debug */,
				8A0955FCC86059231E6B56C7 /* Release */,
			);
			defaultConfigurationIsVisible = 0;
			defaultConfigurationName = Debug;
		};
		B7E6A6072BF368089D0E66FF /* Build configuration list for PBXNativeTarget "BotFleet" */ = {
			isa = XCConfigurationList;
			buildConfigurations = (
				7E1E786722E540226DA31AD1 /* Debug */,
				7D21C0C1F38A4350EFD94185 /* Release */,
			);
			defaultConfigurationIsVisible = 0;
			defaultConfigurationName = Debug;
		};
		EEA1074745433DE0B50A1F03 /* Build configuration list for PBXNativeTarget "BotFleetWidgets" */ = {
			isa = XCConfigurationList;
			buildConfigurations = (
				3A26F8FEAA459F8A0E7C2FD8 /* Debug */,
				73C4743559E0CF3515750DF2 /* Release */,
			);
			defaultConfigurationIsVisible = 0;
			defaultConfigurationName = Debug;
		};
/* End XCConfigurationList section */

/* Begin XCLocalSwiftPackageReference section */
		CAF0D7F2BBAC13AA0D2B4108 /* XCLocalSwiftPackageReference "." */ = {
			isa = XCLocalSwiftPackageReference;
			relativePath = .;
		};
/* End XCLocalSwiftPackageReference section */

/* Begin XCRemoteSwiftPackageReference section */
		8D1AE14949026D2E02B5994F /* XCRemoteSwiftPackageReference "sentry-cocoa" */ = {
			isa = XCRemoteSwiftPackageReference;
			repositoryURL = "https://github.com/getsentry/sentry-cocoa.git";
			requirement = {
				kind = upToNextMajorVersion;
				minimumVersion = 8.44.0;
			};
		};
/* End XCRemoteSwiftPackageReference section */

/* Begin XCSwiftPackageProductDependency section */
		14DFFEEDFF3D6C3E24075865 /* Sentry */ = {
			isa = XCSwiftPackageProductDependency;
			package = 8D1AE14949026D2E02B5994F /* XCRemoteSwiftPackageReference "sentry-cocoa" */;
			productName = Sentry;
		};
		7A80327F4F1AD77B33EFD966 /* CompanionCore */ = {
			isa = XCSwiftPackageProductDependency;
			productName = CompanionCore;
		};
/* End XCSwiftPackageProductDependency section */
	};
	rootObject = CF18C3C881668EF518540C73 /* Project object */;
}
